
Microsoft Visual Studio Solution File, Format Version 12.00
# Visual Studio Version 16
VisualStudioVersion = 16.0.31515.178
MinimumVisualStudioVersion = 10.0.40219.1
Project("{FAE04EC0-301F-11D3-BF4B-00C04F79EFBC}") = "FactoryPattern", "FactoryPattern.csproj", "{DEBDCB15-03A3-4BF7-858B-536B487BA473}"
EndProject
Global
	GlobalSection(SolutionConfigurationPlatforms) = preSolution
		Debug|Any CPU = Debug|Any CPU
		Release|Any CPU = Release|Any CPU
	EndGlobalSection
	GlobalSection(ProjectConfigurationPlatforms) = postSolution
		{DEBDCB15-03A3-4BF7-858B-536B487BA473}.Debug|Any CPU.ActiveCfg = Debug|Any CPU
		{DEBDCB15-03A3-4BF7-858B-536B487BA473}.Debug|Any CPU.Build.0 = Debug|Any CPU
		{DEBDCB15-03A3-4BF7-858B-536B487BA473}.Release|Any CPU.ActiveCfg = Release|Any CPU
		{DEBDCB15-03A3-4BF7-858B-536B487BA473}.Release|Any CPU.Build.0 = Release|Any CPU
	EndGlobalSection
	GlobalSection(SolutionProperties) = preSolution
		HideSolutionNode = FALSE
	EndGlobalSection
	GlobalSection(ExtensibilityGlobals) = postSolution
		SolutionGuid = {632B63EE-8250-447A-AB60-A6A31E761299}
	EndGlobalSection
EndGlobal
